{
  "version": 4,
  "terraform_version": "1.6.5",
  "serial": 7,
  "lineage": "885c86e4-25a2-3c2a-9c61-df82673e9630",
  "outputs": {},
  "resources": [
    {
      "mode": "managed",
      "type": "proxmox_vm_qemu",
      "name": "elk_vm",
      "provider": "provider[\"registry.terraform.io/telmate/proxmox\"]",
      "instances": [
        {
          "status": "tainted",
          "schema_version": 0,
          "attributes": {
            "additional_wait": 15,
            "agent": 0,
            "args": "",
            "balloon": 2048,
            "bios": "seabios",
            "boot": "cdn",
            "bootdisk": "scsi0",
            "bridge": "",
            "ci_wait": null,
            "cicustom": "",
            "cipassword": "",
            "ciuser": "",
            "clone": "ubuntu-22-04-template",
            "clone_wait": 15,
            "cloudinit_cdrom_storage": null,
            "cores": 2,
            "cpu": "host",
            "default_ipv4_address": "",
            "define_connection_info": true,
            "desc": "VM elk Server terraform",
            "disk": [
              {
                "backup": 0,
                "cache": "none",
                "discard": "",
                "file": "vm-112-disk-0",
                "format": "raw",
                "iothread": 0,
                "mbps": 0,
                "mbps_rd": 0,
                "mbps_rd_max": 0,
                "mbps_wr": 0,
                "mbps_wr_max": 0,
                "media": "",
                "replicate": 0,
                "size": "250G",
                "slot": 0,
                "ssd": 0,
                "storage": "local-lvm",
                "storage_type": "lvmthin",
                "type": "scsi",
                "volume": "local-lvm:vm-112-disk-0"
              }
            ],
            "disk_gb": 0,
            "force_create": false,
            "force_recreate_on_change_of": null,
            "full_clone": true,
            "guest_agent_ready_timeout": 600,
            "hastate": "",
            "hotplug": "network,disk,usb",
            "id": "pve7/qemu/112",
            "ipconfig0": "",
            "ipconfig1": "",
            "ipconfig2": "",
            "iso": null,
            "kvm": true,
            "mac": "",
            "memory": 32768,
            "name": "elk-vm",
            "nameserver": "",
            "network": [
              {
                "bridge": "vmbr3",
                "firewall": false,
                "link_down": false,
                "macaddr": "3E:6B:EE:2E:86:63",
                "model": "virtio",
                "queues": 0,
                "rate": 0,
                "tag": 10
              }
            ],
            "nic": "",
            "numa": true,
            "onboot": true,
            "os_network_config": null,
            "os_type": null,
            "pool": "",
            "preprovision": true,
            "qemu_os": "l26",
            "reboot_required": false,
            "scsihw": "virtio-scsi-pci",
            "searchdomain": "",
            "serial": [],
            "sockets": 4,
            "ssh_forward_ip": null,
            "ssh_host": "",
            "ssh_port": "22112",
            "ssh_private_key": null,
            "ssh_user": null,
            "sshkeys": "",
            "storage": "",
            "storage_type": "",
            "tags": "",
            "target_node": "pve7",
            "unused_disk": [],
            "vcpus": 0,
            "vga": [],
            "vlan": -1,
            "vmid": null
          },
          "sensitive_attributes": [],
          "private": "bnVsbA=="
        }
      ]
    }
  ],
  "check_results": null
}
